
Microsoft Visual Studio Solution File, Format Version 12.00
# Visual Studio 2013
VisualStudioVersion = 12.0.31101.0
MinimumVisualStudioVersion = 10.0.40219.1
Project("{FAE04EC0-301F-11D3-BF4B-00C04F79EFBC}") = "GroceryStoreSimulator", "GroceryStoreSimulator\GroceryStoreSimulator.csproj", "{78298EEF-904A-4A84-B563-B84419551DD9}"
EndProject
Project("{2150E333-8FDC-42A3-9474-1A3956D46DE8}") = "Solution Items", "Solution Items", "{966F0B60-B999-4AD8-B7B2-AD38BB24AB43}"
	ProjectSection(SolutionItems) = preProject
		README.txt = README.txt
		..\AirStrip\DotNetDevelopmentTest\Test_Examples.bat = ..\AirStrip\DotNetDevelopmentTest\Test_Examples.bat
	EndProjectSection
EndProject
Project("{FAE04EC0-301F-11D3-BF4B-00C04F79EFBC}") = "GroceryStoreSimulator.Tests", "GroceryStoreSimulator.Tests\GroceryStoreSimulator.Tests.csproj", "{5A5EDF24-3B14-44F7-9147-CEF01CC89C97}"
EndProject
Global
	GlobalSection(SolutionConfigurationPlatforms) = preSolution
		Debug|Any CPU = Debug|Any CPU
		Release|Any CPU = Release|Any CPU
	EndGlobalSection
	GlobalSection(ProjectConfigurationPlatforms) = postSolution
		{78298EEF-904A-4A84-B563-B84419551DD9}.Debug|Any CPU.ActiveCfg = Debug|Any CPU
		{78298EEF-904A-4A84-B563-B84419551DD9}.Debug|Any CPU.Build.0 = Debug|Any CPU
		{78298EEF-904A-4A84-B563-B84419551DD9}.Release|Any CPU.ActiveCfg = Release|Any CPU
		{78298EEF-904A-4A84-B563-B84419551DD9}.Release|Any CPU.Build.0 = Release|Any CPU
		{5A5EDF24-3B14-44F7-9147-CEF01CC89C97}.Debug|Any CPU.ActiveCfg = Debug|Any CPU
		{5A5EDF24-3B14-44F7-9147-CEF01CC89C97}.Debug|Any CPU.Build.0 = Debug|Any CPU
		{5A5EDF24-3B14-44F7-9147-CEF01CC89C97}.Release|Any CPU.ActiveCfg = Release|Any CPU
		{5A5EDF24-3B14-44F7-9147-CEF01CC89C97}.Release|Any CPU.Build.0 = Release|Any CPU
	EndGlobalSection
	GlobalSection(SolutionProperties) = preSolution
		HideSolutionNode = FALSE
	EndGlobalSection
EndGlobal
